// !$*UTF8*$!
{
	archiveVersion = 1;
	classes = {
	};
	objectVersion = 56;
	objects = {

/* Begin PBXBuildFile section */
		370D10A12BDF597500859526 /* FirebaseBasicApp.swift in Sources */ = {isa = PBXBuildFile; fileRef = 370D10A02BDF597500859526 /* FirebaseBasicApp.swift */; };
		370D10A32BDF597500859526 /* ContentView.swift in Sources */ = {isa = PBXBuildFile; fileRef = 370D10A22BDF597500859526 /* ContentView.swift */; };
		370D10A52BDF597600859526 /* Assets.xcassets in Resources */ = {isa = PBXBuildFile; fileRef = 370D10A42BDF597600859526 /* Assets.xcassets */; };
		370D10A82BDF597600859526 /* Preview Assets.xcassets in Resources */ = {isa = PBXBuildFile; fileRef = 370D10A72BDF597600859526 /* Preview Assets.xcassets */; };
		370D10B02BDF59DC00859526 /* FirebaseAuth in Frameworks */ = {isa = PBXBuildFile; productRef = 370D10AF2BDF59DC00859526 /* FirebaseAuth */; };
		370D10B32BDF5A3800859526 /* GoogleSignIn in Frameworks */ = {isa = PBXBuildFile; productRef = 370D10B22BDF5A3800859526 /* GoogleSignIn */; };
		370D10B52BDF5A3800859526 /* GoogleSignInSwift in Frameworks */ = {isa = PBXBuildFile; productRef = 370D10B42BDF5A3800859526 /* GoogleSignInSwift */; };
		370D10B82BDF6B2A00859526 /* GoogleService-Info.plist in Resources */ = {isa = PBXBuildFile; fileRef = 370D10B72BDF6B2A00859526 /* GoogleService-Info.plist */; };
		370D10BA2BDF740B00859526 /* AuthenticationViewModel.swift in Sources */ = {isa = PBXBuildFile; fileRef = 370D10B92BDF740B00859526 /* AuthenticationViewModel.swift */; };
		370D10BC2BDF81DA00859526 /* ProfileView.swift in Sources */ = {isa = PBXBuildFile; fileRef = 370D10BB2BDF81DA00859526 /* ProfileView.swift */; };
		370D10BE2BDF8EB600859526 /* FirebaseFirestore in Frameworks */ = {isa = PBXBuildFile; productRef = 370D10BD2BDF8EB600859526 /* FirebaseFirestore */; };
		370D10C02BDF8EB600859526 /* FirebaseFirestoreSwift in Frameworks */ = {isa = PBXBuildFile; productRef = 370D10BF2BDF8EB600859526 /* FirebaseFirestoreSwift */; };
		370D10C22BDF8EF100859526 /* Note.swift in Sources */ = {isa = PBXBuildFile; fileRef = 370D10C12BDF8EF100859526 /* Note.swift */; };
		370D10C42BDF907B00859526 /* NotesService.swift in Sources */ = {isa = PBXBuildFile; fileRef = 370D10C32BDF907B00859526 /* NotesService.swift */; };
		370D10C62BE06DFA00859526 /* NotesListView.swift in Sources */ = {isa = PBXBuildFile; fileRef = 370D10C52BE06DFA00859526 /* NotesListView.swift */; };
		370D10C82BE06F2400859526 /* NoteSummaryView.swift in Sources */ = {isa = PBXBuildFile; fileRef = 370D10C72BE06F2400859526 /* NoteSummaryView.swift */; };
		370D10CA2BE06F3400859526 /* NoteDetailView.swift in Sources */ = {isa = PBXBuildFile; fileRef = 370D10C92BE06F3400859526 /* NoteDetailView.swift */; };
		370D10CC2BE072C300859526 /* AddNoteView.swift in Sources */ = {isa = PBXBuildFile; fileRef = 370D10CB2BE072C300859526 /* AddNoteView.swift */; };
		374D8FE62BE0A99D00680F2F /* AddCommentView.swift in Sources */ = {isa = PBXBuildFile; fileRef = 374D8FE52BE0A99D00680F2F /* AddCommentView.swift */; };
/* End PBXBuildFile section */

/* Begin PBXFileReference section */
		370D109D2BDF597500859526 /* FirebaseBasic.app */ = {isa = PBXFileReference; explicitFileType = wrapper.application; includeInIndex = 0; path = FirebaseBasic.app; sourceTree = BUILT_PRODUCTS_DIR; };
		370D10A02BDF597500859526 /* FirebaseBasicApp.swift */ = {isa = PBXFileReference; lastKnownFileType = sourcecode.swift; path = FirebaseBasicApp.swift; sourceTree = "<group>"; };
		370D10A22BDF597500859526 /* ContentView.swift */ = {isa = PBXFileReference; lastKnownFileType = sourcecode.swift; path = ContentView.swift; sourceTree = "<group>"; };
		370D10A42BDF597600859526 /* Assets.xcassets */ = {isa = PBXFileReference; lastKnownFileType = folder.assetcatalog; path = Assets.xcassets; sourceTree = "<group>"; };
		370D10A72BDF597600859526 /* Preview Assets.xcassets */ = {isa = PBXFileReference; lastKnownFileType = folder.assetcatalog; path = "Preview Assets.xcassets"; sourceTree = "<group>"; };
		370D10B62BDF5E0B00859526 /* Info.plist */ = {isa = PBXFileReference; lastKnownFileType = text.plist; path = Info.plist; sourceTree = "<group>"; };
		370D10B72BDF6B2A00859526 /* GoogleService-Info.plist */ = {isa = PBXFileReference; fileEncoding = 4; lastKnownFileType = text.plist.xml; path = "GoogleService-Info.plist"; sourceTree = "<group>"; };
		370D10B92BDF740B00859526 /* AuthenticationViewModel.swift */ = {isa = PBXFileReference; lastKnownFileType = sourcecode.swift; path = AuthenticationViewModel.swift; sourceTree = "<group>"; };
		370D10BB2BDF81DA00859526 /* ProfileView.swift */ = {isa = PBXFileReference; lastKnownFileType = sourcecode.swift; path = ProfileView.swift; sourceTree = "<group>"; };
		370D10C12BDF8EF100859526 /* Note.swift */ = {isa = PBXFileReference; lastKnownFileType = sourcecode.swift; path = Note.swift; sourceTree = "<group>"; };
		370D10C32BDF907B00859526 /* NotesService.swift */ = {isa = PBXFileReference; lastKnownFileType = sourcecode.swift; path = NotesService.swift; sourceTree = "<group>"; };
		370D10C52BE06DFA00859526 /* NotesListView.swift */ = {isa = PBXFileReference; lastKnownFileType = sourcecode.swift; path = NotesListView.swift; sourceTree = "<group>"; };
		370D10C72BE06F2400859526 /* NoteSummaryView.swift */ = {isa = PBXFileReference; lastKnownFileType = sourcecode.swift; path = NoteSummaryView.swift; sourceTree = "<group>"; };
		370D10C92BE06F3400859526 /* NoteDetailView.swift */ = {isa = PBXFileReference; lastKnownFileType = sourcecode.swift; path = NoteDetailView.swift; sourceTree = "<group>"; };
		370D10CB2BE072C300859526 /* AddNoteView.swift */ = {isa = PBXFileReference; lastKnownFileType = sourcecode.swift; path = AddNoteView.swift; sourceTree = "<group>"; };
		374D8FE52BE0A99D00680F2F /* AddCommentView.swift */ = {isa = PBXFileReference; lastKnownFileType = sourcecode.swift; path = AddCommentView.swift; sourceTree = "<group>"; };
/* End PBXFileReference section */

/* Begin PBXFrameworksBuildPhase section */
		370D109A2BDF597500859526 /* Frameworks */ = {
			isa = PBXFrameworksBuildPhase;
			buildActionMask = 2147483647;
			files = (
				370D10C02BDF8EB600859526 /* FirebaseFirestoreSwift in Frameworks */,
				370D10B52BDF5A3800859526 /* GoogleSignInSwift in Frameworks */,
				370D10BE2BDF8EB600859526 /* FirebaseFirestore in Frameworks */,
				370D10B02BDF59DC00859526 /* FirebaseAuth in Frameworks */,
				370D10B32BDF5A3800859526 /* GoogleSignIn in Frameworks */,
			);
			runOnlyForDeploymentPostprocessing = 0;
		};
/* End PBXFrameworksBuildPhase section */

/* Begin PBXGroup section */
		370D10942BDF597500859526 = {
			isa = PBXGroup;
			children = (
				370D109F2BDF597500859526 /* FirebaseBasic */,
				370D109E2BDF597500859526 /* Products */,
			);
			sourceTree = "<group>";
		};
		370D109E2BDF597500859526 /* Products */ = {
			isa = PBXGroup;
			children = (
				370D109D2BDF597500859526 /* FirebaseBasic.app */,
			);
			name = Products;
			sourceTree = "<group>";
		};
		370D109F2BDF597500859526 /* FirebaseBasic */ = {
			isa = PBXGroup;
			children = (
				370D10B62BDF5E0B00859526 /* Info.plist */,
				370D10B92BDF740B00859526 /* AuthenticationViewModel.swift */,
				370D10A02BDF597500859526 /* FirebaseBasicApp.swift */,
				370D10A22BDF597500859526 /* ContentView.swift */,
				370D10C52BE06DFA00859526 /* NotesListView.swift */,
				370D10CB2BE072C300859526 /* AddNoteView.swift */,
				374D8FE52BE0A99D00680F2F /* AddCommentView.swift */,
				370D10C92BE06F3400859526 /* NoteDetailView.swift */,
				370D10C72BE06F2400859526 /* NoteSummaryView.swift */,
				370D10BB2BDF81DA00859526 /* ProfileView.swift */,
				370D10A42BDF597600859526 /* Assets.xcassets */,
				370D10B72BDF6B2A00859526 /* GoogleService-Info.plist */,
				370D10A62BDF597600859526 /* Preview Content */,
				370D10C12BDF8EF100859526 /* Note.swift */,
				370D10C32BDF907B00859526 /* NotesService.swift */,
			);
			path = FirebaseBasic;
			sourceTree = "<group>";
		};
		370D10A62BDF597600859526 /* Preview Content */ = {
			isa = PBXGroup;
			children = (
				370D10A72BDF597600859526 /* Preview Assets.xcassets */,
			);
			path = "Preview Content";
			sourceTree = "<group>";
		};
/* End PBXGroup section */

/* Begin PBXNativeTarget section */
		370D109C2BDF597500859526 /* FirebaseBasic */ = {
			isa = PBXNativeTarget;
			buildConfigurationList = 370D10AB2BDF597600859526 /* Build configuration list for PBXNativeTarget "FirebaseBasic" */;
			buildPhases = (
				370D10992BDF597500859526 /* Sources */,
				370D109A2BDF597500859526 /* Frameworks */,
				370D109B2BDF597500859526 /* Resources */,
			);
			buildRules = (
			);
			dependencies = (
			);
			name = FirebaseBasic;
			packageProductDependencies = (
				370D10AF2BDF59DC00859526 /* FirebaseAuth */,
				370D10B22BDF5A3800859526 /* GoogleSignIn */,
				370D10B42BDF5A3800859526 /* GoogleSignInSwift */,
				370D10BD2BDF8EB600859526 /* FirebaseFirestore */,
				370D10BF2BDF8EB600859526 /* FirebaseFirestoreSwift */,
			);
			productName = FirebaseBasic;
			productReference = 370D109D2BDF597500859526 /* FirebaseBasic.app */;
			productType = "com.apple.product-type.application";
		};
/* End PBXNativeTarget section */

/* Begin PBXProject section */
		370D10952BDF597500859526 /* Project object */ = {
			isa = PBXProject;
			attributes = {
				BuildIndependentTargetsInParallel = 1;
				LastSwiftUpdateCheck = 1530;
				LastUpgradeCheck = 1530;
				TargetAttributes = {
					370D109C2BDF597500859526 = {
						CreatedOnToolsVersion = 15.3;
					};
				};
			};
			buildConfigurationList = 370D10982BDF597500859526 /* Build configuration list for PBXProject "FirebaseBasic" */;
			compatibilityVersion = "Xcode 14.0";
			developmentRegion = en;
			hasScannedForEncodings = 0;
			knownRegions = (
				en,
				Base,
			);
			mainGroup = 370D10942BDF597500859526;
			packageReferences = (
				370D10AE2BDF59DC00859526 /* XCRemoteSwiftPackageReference "firebase-ios-sdk" */,
				370D10B12BDF5A3800859526 /* XCRemoteSwiftPackageReference "GoogleSignIn-iOS" */,
			);
			productRefGroup = 370D109E2BDF597500859526 /* Products */;
			projectDirPath = "";
			projectRoot = "";
			targets = (
				370D109C2BDF597500859526 /* FirebaseBasic */,
			);
		};
/* End PBXProject section */

/* Begin PBXResourcesBuildPhase section */
		370D109B2BDF597500859526 /* Resources */ = {
			isa = PBXResourcesBuildPhase;
			buildActionMask = 2147483647;
			files = (
				370D10A82BDF597600859526 /* Preview Assets.xcassets in Resources */,
				370D10A52BDF597600859526 /* Assets.xcassets in Resources */,
				370D10B82BDF6B2A00859526 /* GoogleService-Info.plist in Resources */,
			);
			runOnlyForDeploymentPostprocessing = 0;
		};
/* End PBXResourcesBuildPhase section */

/* Begin PBXSourcesBuildPhase section */
		370D10992BDF597500859526 /* Sources */ = {
			isa = PBXSourcesBuildPhase;
			buildActionMask = 2147483647;
			files = (
				370D10CA2BE06F3400859526 /* NoteDetailView.swift in Sources */,
				370D10C22BDF8EF100859526 /* Note.swift in Sources */,
				370D10BC2BDF81DA00859526 /* ProfileView.swift in Sources */,
				370D10BA2BDF740B00859526 /* AuthenticationViewModel.swift in Sources */,
				374D8FE62BE0A99D00680F2F /* AddCommentView.swift in Sources */,
				370D10CC2BE072C300859526 /* AddNoteView.swift in Sources */,
				370D10A32BDF597500859526 /* ContentView.swift in Sources */,
				370D10A12BDF597500859526 /* FirebaseBasicApp.swift in Sources */,
				370D10C42BDF907B00859526 /* NotesService.swift in Sources */,
				370D10C62BE06DFA00859526 /* NotesListView.swift in Sources */,
				370D10C82BE06F2400859526 /* NoteSummaryView.swift in Sources */,
			);
			runOnlyForDeploymentPostprocessing = 0;
		};
/* End PBXSourcesBuildPhase section */

/* Begin XCBuildConfiguration section */
		370D10A92BDF597600859526 /* Debug */ = {
			isa = XCBuildConfiguration;
			buildSettings = {
				ALWAYS_SEARCH_USER_PATHS = NO;
				ASSETCATALOG_COMPILER_GENERATE_SWIFT_ASSET_SYMBOL_EXTENSIONS = YES;
				CLANG_ANALYZER_NONNULL = YES;
				CLANG_ANALYZER_NUMBER_OBJECT_CONVERSION = YES_AGGRESSIVE;
				CLANG_CXX_LANGUAGE_STANDARD = "gnu++20";
				CLANG_ENABLE_MODULES = YES;
				CLANG_ENABLE_OBJC_ARC = YES;
				CLANG_ENABLE_OBJC_WEAK = YES;
				CLANG_WARN_BLOCK_CAPTURE_AUTORELEASING = YES;
				CLANG_WARN_BOOL_CONVERSION = YES;
				CLANG_WARN_COMMA = YES;
				CLANG_WARN_CONSTANT_CONVERSION = YES;
				CLANG_WARN_DEPRECATED_OBJC_IMPLEMENTATIONS = YES;
				CLANG_WARN_DIRECT_OBJC_ISA_USAGE = YES_ERROR;
				CLANG_WARN_DOCUMENTATION_COMMENTS = YES;
				CLANG_WARN_EMPTY_BODY = YES;
				CLANG_WARN_ENUM_CONVERSION = YES;
				CLANG_WARN_INFINITE_RECURSION = YES;
				CLANG_WARN_INT_CONVERSION = YES;
				CLANG_WARN_NON_LITERAL_NULL_CONVERSION = YES;
				CLANG_WARN_OBJC_IMPLICIT_RETAIN_SELF = YES;
				CLANG_WARN_OBJC_LITERAL_CONVERSION = YES;
				CLANG_WARN_OBJC_ROOT_CLASS = YES_ERROR;
				CLANG_WARN_QUOTED_INCLUDE_IN_FRAMEWORK_HEADER = YES;
				CLANG_WARN_RANGE_LOOP_ANALYSIS = YES;
				CLANG_WARN_STRICT_PROTOTYPES = YES;
				CLANG_WARN_SUSPICIOUS_MOVE = YES;
				CLANG_WARN_UNGUARDED_AVAILABILITY = YES_AGGRESSIVE;
				CLANG_WARN_UNREACHABLE_CODE = YES;
				CLANG_WARN__DUPLICATE_METHOD_MATCH = YES;
				COPY_PHASE_STRIP = NO;
				DEBUG_INFORMATION_FORMAT = dwarf;
				ENABLE_STRICT_OBJC_MSGSEND = YES;
				ENABLE_TESTABILITY = YES;
				ENABLE_USER_SCRIPT_SANDBOXING = YES;
				GCC_C_LANGUAGE_STANDARD = gnu17;
				GCC_DYNAMIC_NO_PIC = NO;
				GCC_NO_COMMON_BLOCKS = YES;
				GCC_OPTIMIZATION_LEVEL = 0;
				GCC_PREPROCESSOR_DEFINITIONS = (
					"DEBUG=1",
					"$(inherited)",
				);
				GCC_WARN_64_TO_32_BIT_CONVERSION = YES;
				GCC_WARN_ABOUT_RETURN_TYPE = YES_ERROR;
				GCC_WARN_UNDECLARED_SELECTOR = YES;
				GCC_WARN_UNINITIALIZED_AUTOS = YES_AGGRESSIVE;
				GCC_WARN_UNUSED_FUNCTION = YES;
				GCC_WARN_UNUSED_VARIABLE = YES;
				IPHONEOS_DEPLOYMENT_TARGET = 17.4;
				LOCALIZATION_PREFERS_STRING_CATALOGS = YES;
				MTL_ENABLE_DEBUG_INFO = INCLUDE_SOURCE;
				MTL_FAST_MATH = YES;
				ONLY_ACTIVE_ARCH = YES;
				SDKROOT = iphoneos;
				SWIFT_ACTIVE_COMPILATION_CONDITIONS = "DEBUG $(inherited)";
				SWIFT_OPTIMIZATION_LEVEL = "-Onone";
			};
			name = Debug;
		};
		370D10AA2BDF597600859526 /* Release */ = {
			isa = XCBuildConfiguration;
			buildSettings = {
				ALWAYS_SEARCH_USER_PATHS = NO;
				ASSETCATALOG_COMPILER_GENERATE_SWIFT_ASSET_SYMBOL_EXTENSIONS = YES;
				CLANG_ANALYZER_NONNULL = YES;
				CLANG_ANALYZER_NUMBER_OBJECT_CONVERSION = YES_AGGRESSIVE;
				CLANG_CXX_LANGUAGE_STANDARD = "gnu++20";
				CLANG_ENABLE_MODULES = YES;
				CLANG_ENABLE_OBJC_ARC = YES;
				CLANG_ENABLE_OBJC_WEAK = YES;
				CLANG_WARN_BLOCK_CAPTURE_AUTORELEASING = YES;
				CLANG_WARN_BOOL_CONVERSION = YES;
				CLANG_WARN_COMMA = YES;
				CLANG_WARN_CONSTANT_CONVERSION = YES;
				CLANG_WARN_DEPRECATED_OBJC_IMPLEMENTATIONS = YES;
				CLANG_WARN_DIRECT_OBJC_ISA_USAGE = YES_ERROR;
				CLANG_WARN_DOCUMENTATION_COMMENTS = YES;
				CLANG_WARN_EMPTY_BODY = YES;
				CLANG_WARN_ENUM_CONVERSION = YES;
				CLANG_WARN_INFINITE_RECURSION = YES;
				CLANG_WARN_INT_CONVERSION = YES;
				CLANG_WARN_NON_LITERAL_NULL_CONVERSION = YES;
				CLANG_WARN_OBJC_IMPLICIT_RETAIN_SELF = YES;
				CLANG_WARN_OBJC_LITERAL_CONVERSION = YES;
				CLANG_WARN_OBJC_ROOT_CLASS = YES_ERROR;
				CLANG_WARN_QUOTED_INCLUDE_IN_FRAMEWORK_HEADER = YES;
				CLANG_WARN_RANGE_LOOP_ANALYSIS = YES;
				CLANG_WARN_STRICT_PROTOTYPES = YES;
				CLANG_WARN_SUSPICIOUS_MOVE = YES;
				CLANG_WARN_UNGUARDED_AVAILABILITY = YES_AGGRESSIVE;
				CLANG_WARN_UNREACHABLE_CODE = YES;
				CLANG_WARN__DUPLICATE_METHOD_MATCH = YES;
				COPY_PHASE_STRIP = NO;
				DEBUG_INFORMATION_FORMAT = "dwarf-with-dsym";
				ENABLE_NS_ASSERTIONS = NO;
				ENABLE_STRICT_OBJC_MSGSEND = YES;
				ENABLE_USER_SCRIPT_SANDBOXING = YES;
				GCC_C_LANGUAGE_STANDARD = gnu17;
				GCC_NO_COMMON_BLOCKS = YES;
				GCC_WARN_64_TO_32_BIT_CONVERSION = YES;
				GCC_WARN_ABOUT_RETURN_TYPE = YES_ERROR;
				GCC_WARN_UNDECLARED_SELECTOR = YES;
				GCC_WARN_UNINITIALIZED_AUTOS = YES_AGGRESSIVE;
				GCC_WARN_UNUSED_FUNCTION = YES;
				GCC_WARN_UNUSED_VARIABLE = YES;
				IPHONEOS_DEPLOYMENT_TARGET = 17.4;
				LOCALIZATION_PREFERS_STRING_CATALOGS = YES;
				MTL_ENABLE_DEBUG_INFO = NO;
				MTL_FAST_MATH = YES;
				SDKROOT = iphoneos;
				SWIFT_COMPILATION_MODE = wholemodule;
				VALIDATE_PRODUCT = YES;
			};
			name = Release;
		};
		370D10AC2BDF597600859526 /* Debug */ = {
			isa = XCBuildConfiguration;
			buildSettings = {
				ASSETCATALOG_COMPILER_APPICON_NAME = AppIcon;
				ASSETCATALOG_COMPILER_GLOBAL_ACCENT_COLOR_NAME = AccentColor;
				CODE_SIGN_STYLE = Automatic;
				CURRENT_PROJECT_VERSION = 1;
				DEVELOPMENT_ASSET_PATHS = "\"FirebaseBasic/Preview Content\"";
				DEVELOPMENT_TEAM = 59FP2PXRXK;
				ENABLE_PREVIEWS = YES;
				GENERATE_INFOPLIST_FILE = YES;
				INFOPLIST_FILE = FirebaseBasic/Info.plist;
				INFOPLIST_KEY_UIApplicationSceneManifest_Generation = YES;
				INFOPLIST_KEY_UIApplicationSupportsIndirectInputEvents = YES;
				INFOPLIST_KEY_UILaunchScreen_Generation = YES;
				INFOPLIST_KEY_UISupportedInterfaceOrientations_iPad = "UIInterfaceOrientationPortrait UIInterfaceOrientationPortraitUpsideDown UIInterfaceOrientationLandscapeLeft UIInterfaceOrientationLandscapeRight";
				INFOPLIST_KEY_UISupportedInterfaceOrientations_iPhone = "UIInterfaceOrientationPortrait UIInterfaceOrientationLandscapeLeft UIInterfaceOrientationLandscapeRight";
				IPHONEOS_DEPLOYMENT_TARGET = 16.6;
				LD_RUNPATH_SEARCH_PATHS = (
					"$(inherited)",
					"@executable_path/Frameworks",
				);
				MARKETING_VERSION = 1.0;
				PRODUCT_BUNDLE_IDENTIFIER = kr.co.codegrove.FirebaseBasic;
				PRODUCT_NAME = "$(TARGET_NAME)";
				SWIFT_EMIT_LOC_STRINGS = YES;
				SWIFT_VERSION = 5.0;
				TARGETED_DEVICE_FAMILY = "1,2";
			};
			name = Debug;
		};
		370D10AD2BDF597600859526 /* Release */ = {
			isa = XCBuildConfiguration;
			buildSettings = {
				ASSETCATALOG_COMPILER_APPICON_NAME = AppIcon;
				ASSETCATALOG_COMPILER_GLOBAL_ACCENT_COLOR_NAME = AccentColor;
				CODE_SIGN_STYLE = Automatic;
				CURRENT_PROJECT_VERSION = 1;
				DEVELOPMENT_ASSET_PATHS = "\"FirebaseBasic/Preview Content\"";
				DEVELOPMENT_TEAM = 59FP2PXRXK;
				ENABLE_PREVIEWS = YES;
				GENERATE_INFOPLIST_FILE = YES;
				INFOPLIST_FILE = FirebaseBasic/Info.plist;
				INFOPLIST_KEY_UIApplicationSceneManifest_Generation = YES;
				INFOPLIST_KEY_UIApplicationSupportsIndirectInputEvents = YES;
				INFOPLIST_KEY_UILaunchScreen_Generation = YES;
				INFOPLIST_KEY_UISupportedInterfaceOrientations_iPad = "UIInterfaceOrientationPortrait UIInterfaceOrientationPortraitUpsideDown UIInterfaceOrientationLandscapeLeft UIInterfaceOrientationLandscapeRight";
				INFOPLIST_KEY_UISupportedInterfaceOrientations_iPhone = "UIInterfaceOrientationPortrait UIInterfaceOrientationLandscapeLeft UIInterfaceOrientationLandscapeRight";
				IPHONEOS_DEPLOYMENT_TARGET = 16.6;
				LD_RUNPATH_SEARCH_PATHS = (
					"$(inherited)",
					"@executable_path/Frameworks",
				);
				MARKETING_VERSION = 1.0;
				PRODUCT_BUNDLE_IDENTIFIER = kr.co.codegrove.FirebaseBasic;
				PRODUCT_NAME = "$(TARGET_NAME)";
				SWIFT_EMIT_LOC_STRINGS = YES;
				SWIFT_VERSION = 5.0;
				TARGETED_DEVICE_FAMILY = "1,2";
			};
			name = Release;
		};
/* End XCBuildConfiguration section */

/* Begin XCConfigurationList section */
		370D10982BDF597500859526 /* Build configuration list for PBXProject "FirebaseBasic" */ = {
			isa = XCConfigurationList;
			buildConfigurations = (
				370D10A92BDF597600859526 /* Debug */,
				370D10AA2BDF597600859526 /* Release */,
			);
			defaultConfigurationIsVisible = 0;
			defaultConfigurationName = Release;
		};
		370D10AB2BDF597600859526 /* Build configuration list for PBXNativeTarget "FirebaseBasic" */ = {
			isa = XCConfigurationList;
			buildConfigurations = (
				370D10AC2BDF597600859526 /* Debug */,
				370D10AD2BDF597600859526 /* Release */,
			);
			defaultConfigurationIsVisible = 0;
			defaultConfigurationName = Release;
		};
/* End XCConfigurationList section */

/* Begin XCRemoteSwiftPackageReference section */
		370D10AE2BDF59DC00859526 /* XCRemoteSwiftPackageReference "firebase-ios-sdk" */ = {
			isa = XCRemoteSwiftPackageReference;
			repositoryURL = "https://github.com/firebase/firebase-ios-sdk.git";
			requirement = {
				kind = upToNextMajorVersion;
				minimumVersion = 10.24.0;
			};
		};
		370D10B12BDF5A3800859526 /* XCRemoteSwiftPackageReference "GoogleSignIn-iOS" */ = {
			isa = XCRemoteSwiftPackageReference;
			repositoryURL = "https://github.com/google/GoogleSignIn-iOS";
			requirement = {
				kind = upToNextMajorVersion;
				minimumVersion = 7.1.0;
			};
		};
/* End XCRemoteSwiftPackageReference section */

/* Begin XCSwiftPackageProductDependency section */
		370D10AF2BDF59DC00859526 /* FirebaseAuth */ = {
			isa = XCSwiftPackageProductDependency;
			package = 370D10AE2BDF59DC00859526 /* XCRemoteSwiftPackageReference "firebase-ios-sdk" */;
			productName = FirebaseAuth;
		};
		370D10B22BDF5A3800859526 /* GoogleSignIn */ = {
			isa = XCSwiftPackageProductDependency;
			package = 370D10B12BDF5A3800859526 /* XCRemoteSwiftPackageReference "GoogleSignIn-iOS" */;
			productName = GoogleSignIn;
		};
		370D10B42BDF5A3800859526 /* GoogleSignInSwift */ = {
			isa = XCSwiftPackageProductDependency;
			package = 370D10B12BDF5A3800859526 /* XCRemoteSwiftPackageReference "GoogleSignIn-iOS" */;
			productName = GoogleSignInSwift;
		};
		370D10BD2BDF8EB600859526 /* FirebaseFirestore */ = {
			isa = XCSwiftPackageProductDependency;
			package = 370D10AE2BDF59DC00859526 /* XCRemoteSwiftPackageReference "firebase-ios-sdk" */;
			productName = FirebaseFirestore;
		};
		370D10BF2BDF8EB600859526 /* FirebaseFirestoreSwift */ = {
			isa = XCSwiftPackageProductDependency;
			package = 370D10AE2BDF59DC00859526 /* XCRemoteSwiftPackageReference "firebase-ios-sdk" */;
			productName = FirebaseFirestoreSwift;
		};
/* End XCSwiftPackageProductDependency section */
	};
	rootObject = 370D10952BDF597500859526 /* Project object */;
}
